# THIS IS AN AUTOGENERATED FILE. DO NOT EDIT THIS FILE DIRECTLY.
# yarn lockfile v1


disqus-react@^1.1.5:
  version "1.1.5"
  resolved "https://registry.yarnpkg.com/disqus-react/-/disqus-react-1.1.5.tgz#e844d040eed8f55467106e49d00e29d629e07043"
  integrity sha512-9fdG5m6c3wJzlCDLaMheuUagMVj3s5qgUSXdekpCsvzYOKG21AiuOoqyDzA0oXrpPnYzgpnsvPYqZ+i0hJPGZw==
